{
  "name": "ecliptix",
  "version": "1.0.0",
  "lockfileVersion": 3,
  "requires": true,
  "packages": {
    "": {
      "name": "ecliptix",
      "version": "1.0.0",
      "license": "ISC",
      "dependencies": {
        "@types/node": "^22.0.0",
        "@types/typescript": "^0.4.29",
        "colors": "^1.4.0",
        "readline-sync": "^1.4.10",
        "yaml": "^2.5.0"
      },
      "bin": {
        "ecpkg": "out/pkgs.js",
        "ecx": "out/cli.js"
      }
    },
    "node_modules/@types/node": {
      "version": "22.0.0",
      "resolved": "https://registry.npmjs.org/@types/node/-/node-22.0.0.tgz",
      "integrity": "sha512-VT7KSYudcPOzP5Q0wfbowyNLaVR8QWUdw+088uFWwfvpY6uCWaXpqV6ieLAu9WBcnTa7H4Z5RLK8I5t2FuOcqw==",
      "license": "MIT",
      "dependencies": {
        "undici-types": "~6.11.1"
      }
    },
    "node_modules/@types/typescript": {
      "version": "0.4.29",
      "resolved": "https://registry.npmjs.org/@types/typescript/-/typescript-0.4.29.tgz",
      "integrity": "sha512-xNMrowAG/I8ONu0ggJsqVNR2G2usn1aCkf8cWnzAPG/W4tTQH9PaVyizf7164cevBMAgv81t2qEETehj+N37Rw==",
      "license": "MIT"
    },
    "node_modules/colors": {
      "version": "1.4.0",
      "resolved": "https://registry.npmjs.org/colors/-/colors-1.4.0.tgz",
      "integrity": "sha512-a+UqTh4kgZg/SlGvfbzDHpgRu7AAQOmmqRHJnxhRZICKFUT91brVhNNt58CMWU9PsBbv3PDCZUHbVxuDiH2mtA==",
      "license": "MIT",
      "engines": {
        "node": ">=0.1.90"
      }
    },
    "node_modules/readline-sync": {
      "version": "1.4.10",
      "resolved": "https://registry.npmjs.org/readline-sync/-/readline-sync-1.4.10.tgz",
      "integrity": "sha512-gNva8/6UAe8QYepIQH/jQ2qn91Qj0B9sYjMBBs3QOB8F2CXcKgLxQaJRP76sWVRQt+QU+8fAkCbCvjjMFu7Ycw==",
      "license": "MIT",
      "engines": {
        "node": ">= 0.8.0"
      }
    },
    "node_modules/undici-types": {
      "version": "6.11.1",
      "resolved": "https://registry.npmjs.org/undici-types/-/undici-types-6.11.1.tgz",
      "integrity": "sha512-mIDEX2ek50x0OlRgxryxsenE5XaQD4on5U2inY7RApK3SOJpofyw7uW2AyfMKkhAxXIceo2DeWGVGwyvng1GNQ==",
      "license": "MIT"
    },
    "node_modules/yaml": {
      "version": "2.5.0",
      "resolved": "https://registry.npmjs.org/yaml/-/yaml-2.5.0.tgz",
      "integrity": "sha512-2wWLbGbYDiSqqIKoPjar3MPgB94ErzCtrNE1FdqGuaO0pi2JGjmE8aW8TDZwzU7vuxcGRdL/4gPQwQ7hD5AMSw==",
      "license": "ISC",
      "bin": {
        "yaml": "bin.mjs"
      },
      "engines": {
        "node": ">= 14"
      }
    }
  }
}
